
Microsoft Visual Studio Solution File, Format Version 12.00
# Visual Studio Version 17
VisualStudioVersion = 17.10.34916.146
MinimumVisualStudioVersion = 10.0.40219.1
Project("{9A19103F-16F7-4668-BE54-9A1E7A4F7556}") = "CaseStudyEntity", "CaseStudyEntity\CaseStudyEntity.csproj", "{5D32C58F-8155-4720-802E-328BA7328426}"
EndProject
Project("{9A19103F-16F7-4668-BE54-9A1E7A4F7556}") = "CaseStudyData", "CaseStudyData\CaseStudyData.csproj", "{63760F80-8EB5-422C-9ABE-03993082722F}"
EndProject
Project("{9A19103F-16F7-4668-BE54-9A1E7A4F7556}") = "CaseStudyBusiness", "CaseStudyBusiness\CaseStudyBusiness.csproj", "{8D73F598-F305-4DE5-AF43-9B4DED71EAB8}"
EndProject
Project("{9A19103F-16F7-4668-BE54-9A1E7A4F7556}") = "CaseStudyAPI", "CaseStudyAPI\CaseStudyAPI.csproj", "{26E2326F-0A92-48CD-B0BC-6EBBFEC206C9}"
EndProject
Project("{9A19103F-16F7-4668-BE54-9A1E7A4F7556}") = "CaseStudyFileAPI", "CaseStudyFileAPI\CaseStudyFileAPI.csproj", "{F694CBA5-1157-470C-A78E-937E372E77A5}"
EndProject
Project("{9A19103F-16F7-4668-BE54-9A1E7A4F7556}") = "CaseStudyAdminMVC", "CaseStudyAdminMVC\CaseStudyAdminMVC.csproj", "{EEA45377-A3C8-440A-8311-8D2350D25BCE}"
EndProject
Project("{FAE04EC0-301F-11D3-BF4B-00C04F79EFBC}") = "CaseStudyMVC", "CaseStudyMVC\CaseStudyMVC.csproj", "{5F4B77E8-5F70-4479-B567-8225225192F4}"
EndProject
Global
	GlobalSection(SolutionConfigurationPlatforms) = preSolution
		Debug|Any CPU = Debug|Any CPU
		Release|Any CPU = Release|Any CPU
	EndGlobalSection
	GlobalSection(ProjectConfigurationPlatforms) = postSolution
		{5D32C58F-8155-4720-802E-328BA7328426}.Debug|Any CPU.ActiveCfg = Debug|Any CPU
		{5D32C58F-8155-4720-802E-328BA7328426}.Debug|Any CPU.Build.0 = Debug|Any CPU
		{5D32C58F-8155-4720-802E-328BA7328426}.Release|Any CPU.ActiveCfg = Release|Any CPU
		{5D32C58F-8155-4720-802E-328BA7328426}.Release|Any CPU.Build.0 = Release|Any CPU
		{63760F80-8EB5-422C-9ABE-03993082722F}.Debug|Any CPU.ActiveCfg = Debug|Any CPU
		{63760F80-8EB5-422C-9ABE-03993082722F}.Debug|Any CPU.Build.0 = Debug|Any CPU
		{63760F80-8EB5-422C-9ABE-03993082722F}.Release|Any CPU.ActiveCfg = Release|Any CPU
		{63760F80-8EB5-422C-9ABE-03993082722F}.Release|Any CPU.Build.0 = Release|Any CPU
		{8D73F598-F305-4DE5-AF43-9B4DED71EAB8}.Debug|Any CPU.ActiveCfg = Debug|Any CPU
		{8D73F598-F305-4DE5-AF43-9B4DED71EAB8}.Debug|Any CPU.Build.0 = Debug|Any CPU
		{8D73F598-F305-4DE5-AF43-9B4DED71EAB8}.Release|Any CPU.ActiveCfg = Release|Any CPU
		{8D73F598-F305-4DE5-AF43-9B4DED71EAB8}.Release|Any CPU.Build.0 = Release|Any CPU
		{26E2326F-0A92-48CD-B0BC-6EBBFEC206C9}.Debug|Any CPU.ActiveCfg = Debug|Any CPU
		{26E2326F-0A92-48CD-B0BC-6EBBFEC206C9}.Debug|Any CPU.Build.0 = Debug|Any CPU
		{26E2326F-0A92-48CD-B0BC-6EBBFEC206C9}.Release|Any CPU.ActiveCfg = Release|Any CPU
		{26E2326F-0A92-48CD-B0BC-6EBBFEC206C9}.Release|Any CPU.Build.0 = Release|Any CPU
		{F694CBA5-1157-470C-A78E-937E372E77A5}.Debug|Any CPU.ActiveCfg = Debug|Any CPU
		{F694CBA5-1157-470C-A78E-937E372E77A5}.Debug|Any CPU.Build.0 = Debug|Any CPU
		{F694CBA5-1157-470C-A78E-937E372E77A5}.Release|Any CPU.ActiveCfg = Release|Any CPU
		{F694CBA5-1157-470C-A78E-937E372E77A5}.Release|Any CPU.Build.0 = Release|Any CPU
		{EEA45377-A3C8-440A-8311-8D2350D25BCE}.Debug|Any CPU.ActiveCfg = Debug|Any CPU
		{EEA45377-A3C8-440A-8311-8D2350D25BCE}.Debug|Any CPU.Build.0 = Debug|Any CPU
		{EEA45377-A3C8-440A-8311-8D2350D25BCE}.Release|Any CPU.ActiveCfg = Release|Any CPU
		{EEA45377-A3C8-440A-8311-8D2350D25BCE}.Release|Any CPU.Build.0 = Release|Any CPU
		{5F4B77E8-5F70-4479-B567-8225225192F4}.Debug|Any CPU.ActiveCfg = Debug|Any CPU
		{5F4B77E8-5F70-4479-B567-8225225192F4}.Debug|Any CPU.Build.0 = Debug|Any CPU
		{5F4B77E8-5F70-4479-B567-8225225192F4}.Release|Any CPU.ActiveCfg = Release|Any CPU
		{5F4B77E8-5F70-4479-B567-8225225192F4}.Release|Any CPU.Build.0 = Release|Any CPU
	EndGlobalSection
	GlobalSection(SolutionProperties) = preSolution
		HideSolutionNode = FALSE
	EndGlobalSection
	GlobalSection(ExtensibilityGlobals) = postSolution
		SolutionGuid = {CEDDE345-7BF2-4051-B8FF-22883F93EB59}
	EndGlobalSection
EndGlobal
